
Microsoft Visual Studio Solution File, Format Version 12.00
# Visual Studio Version 17
VisualStudioVersion = 17.5.33516.290
MinimumVisualStudioVersion = 10.0.40219.1
Project("{FAE04EC0-301F-11D3-BF4B-00C04F79EFBC}") = "PAAD-Client", "PAAD-Client\PAAD-Client.csproj", "{3431C8E0-E67D-4509-A81A-2F6320B07A40}"
EndProject
Global
	GlobalSection(SolutionConfigurationPlatforms) = preSolution
		Debug|Any CPU = Debug|Any CPU
		Release|Any CPU = Release|Any CPU
	EndGlobalSection
	GlobalSection(ProjectConfigurationPlatforms) = postSolution
		{3431C8E0-E67D-4509-A81A-2F6320B07A40}.Debug|Any CPU.ActiveCfg = Debug|Any CPU
		{3431C8E0-E67D-4509-A81A-2F6320B07A40}.Debug|Any CPU.Build.0 = Debug|Any CPU
		{3431C8E0-E67D-4509-A81A-2F6320B07A40}.Release|Any CPU.ActiveCfg = Release|Any CPU
		{3431C8E0-E67D-4509-A81A-2F6320B07A40}.Release|Any CPU.Build.0 = Release|Any CPU
	EndGlobalSection
	GlobalSection(SolutionProperties) = preSolution
		HideSolutionNode = FALSE
	EndGlobalSection
	GlobalSection(ExtensibilityGlobals) = postSolution
		SolutionGuid = {91B10E60-882C-4CDD-8EF4-4B6E3E18AD97}
	EndGlobalSection
EndGlobal
